<?xml version="1.0" encoding="utf-8"?>
<Project ToolsVersion="4.0" xmlns="http://schemas.microsoft.com/developer/msbuild/2003">
  <ItemGroup>
    <Filter Include="Source Files">
      <UniqueIdentifier>{4FC737F1-C7A5-4376-A066-2A32D752A2FF}</UniqueIdentifier>
      <Extensions>cpp;c;cc;cxx;def;odl;idl;hpj;bat;asm;asmx</Extensions>
    </Filter>
    <Filter Include="Header Files">
      <UniqueIdentifier>{93995380-89BD-4b04-88EB-625FBE52EBFB}</UniqueIdentifier>
      <Extensions>h;hpp;hxx;hm;inl;inc;xsd</Extensions>
    </Filter>
    <Filter Include="Resource Files">
      <UniqueIdentifier>{67DA6AB6-F800-4c08-8B7A-83BB121AAD01}</UniqueIdentifier>
      <Extensions>rc;ico;cur;bmp;dlg;rc2;rct;bin;rgs;gif;jpg;jpeg;jpe;resx;tiff;tif;png;wav;mfcribbon-ms</Extensions>
    </Filter>
    <Filter Include="Library">
      <UniqueIdentifier>{f8b70d5e-5bd7-4843-856e-c99f33259bd4}</UniqueIdentifier>
    </Filter>
    <Filter Include="World">
      <UniqueIdentifier>{3c3dc617-bfb6-466c-be6e-9afb7b0d363a}</UniqueIdentifier>
    </Filter>
    <Filter Include="World\Tile">
      <UniqueIdentifier>{1d3c160a-0a58-4dad-9181-44a7a07dea9e}</UniqueIdentifier>
    </Filter>
    <Filter Include="Agent">
      <UniqueIdentifier>{f35a75f3-9f09-4648-96e7-0caaf8007bef}</UniqueIdentifier>
    </Filter>
  </ItemGroup>
  <ItemGroup>
    <ClCompile Include="Main.cpp">
      <Filter>Source Files</Filter>
    </ClCompile>
    <ClCompile Include="Vertex.cpp">
      <Filter>Source Files</Filter>
    </ClCompile>
    <ClCompile Include="Edge.cpp">
      <Filter>Source Files</Filter>
    </ClCompile>
    <ClCompile Include="Graph.cpp">
      <Filter>Source Files</Filter>
    </ClCompile>
    <ClCompile Include="Pathfinder.cpp">
      <Filter>Source Files</Filter>
    </ClCompile>
    <ClCompile Include="AStarSearch.cpp">
      <Filter>Source Files</Filter>
    </ClCompile>
    <ClCompile Include="WorldFileReader.cpp">
      <Filter>World</Filter>
    </ClCompile>
    <ClCompile Include="WorldBuilder.cpp">
      <Filter>World</Filter>
    </ClCompile>
    <ClCompile Include="World.cpp">
      <Filter>World</Filter>
    </ClCompile>
    <ClCompile Include="Simulation.cpp">
      <Filter>Source Files</Filter>
    </ClCompile>
    <ClCompile Include="Tile.cpp">
      <Filter>World\Tile</Filter>
    </ClCompile>
    <ClCompile Include="TileFactory.cpp">
      <Filter>World\Tile</Filter>
    </ClCompile>
    <ClCompile Include="Path.cpp">
      <Filter>Source Files</Filter>
    </ClCompile>
    <ClCompile Include="Timer.cpp">
      <Filter>Source Files</Filter>
    </ClCompile>
    <ClCompile Include="Agent.cpp">
      <Filter>Agent</Filter>
    </ClCompile>
    <ClCompile Include="AgentSteeringBehaviour.cpp">
      <Filter>Agent</Filter>
    </ClCompile>
    <ClCompile Include="VehicleAgent.cpp">
      <Filter>Agent</Filter>
    </ClCompile>
    <ClCompile Include="PedestrianAgent.cpp">
      <Filter>Agent</Filter>
    </ClCompile>
  </ItemGroup>
  <ItemGroup>
    <ClInclude Include="Vertex.h">
      <Filter>Header Files</Filter>
    </ClInclude>
    <ClInclude Include="Edge.h">
      <Filter>Header Files</Filter>
    </ClInclude>
    <ClInclude Include="..\Library\Point2D.h">
      <Filter>Library</Filter>
    </ClInclude>
    <ClInclude Include="..\Library\Vector2D.h">
      <Filter>Library</Filter>
    </ClInclude>
    <ClInclude Include="Graph.h">
      <Filter>Header Files</Filter>
    </ClInclude>
    <ClInclude Include="Pathfinder.h">
      <Filter>Header Files</Filter>
    </ClInclude>
    <ClInclude Include="AStarSearch.h">
      <Filter>Header Files</Filter>
    </ClInclude>
    <ClInclude Include="WorldFileReader.h">
      <Filter>World</Filter>
    </ClInclude>
    <ClInclude Include="WorldBuilder.h">
      <Filter>World</Filter>
    </ClInclude>
    <ClInclude Include="World.h">
      <Filter>World</Filter>
    </ClInclude>
    <ClInclude Include="Simulation.h">
      <Filter>Header Files</Filter>
    </ClInclude>
    <ClInclude Include="Tile.h">
      <Filter>World\Tile</Filter>
    </ClInclude>
    <ClInclude Include="TileFactory.h">
      <Filter>World\Tile</Filter>
    </ClInclude>
    <ClInclude Include="Constants.h">
      <Filter>Header Files</Filter>
    </ClInclude>
    <ClInclude Include="Path.h">
      <Filter>Header Files</Filter>
    </ClInclude>
    <ClInclude Include="Timer.h">
      <Filter>Header Files</Filter>
    </ClInclude>
    <ClInclude Include="Agent.h">
      <Filter>Agent</Filter>
    </ClInclude>
    <ClInclude Include="AgentSteeringBehaviour.h">
      <Filter>Agent</Filter>
    </ClInclude>
    <ClInclude Include="PedestrianAgent.h">
      <Filter>Agent</Filter>
    </ClInclude>
    <ClInclude Include="VehicleAgent.h">
      <Filter>Agent</Filter>
    </ClInclude>
  </ItemGroup>
  <ItemGroup>
    <Text Include="world.txt">
      <Filter>World</Filter>
    </Text>
    <Text Include="testWorld1.txt">
      <Filter>World</Filter>
    </Text>
    <Text Include="testWorld2.txt">
      <Filter>World</Filter>
    </Text>
  </ItemGroup>
  <ItemGroup>
    <None Include="Tile.uxf" />
  </ItemGroup>
</Project>